
Microsoft Visual Studio Solution File, Format Version 12.00
# Visual Studio 15
Project("{FAE04EC0-301F-11D3-BF4B-00C04F79EFBC}") = "SuperTiled2UnityEditor", "SuperTiled2UnityEditor.csproj", "{2BE01497-61DB-DF54-AFCC-6DFCD02CD45B}"
EndProject
Project("{FAE04EC0-301F-11D3-BF4B-00C04F79EFBC}") = "SuperTiled2Unity", "SuperTiled2Unity.csproj", "{2C0E7627-E685-0F27-3D41-A2C6AE0FE503}"
EndProject
Project("{FAE04EC0-301F-11D3-BF4B-00C04F79EFBC}") = "Assembly-CSharp", "Assembly-CSharp.csproj", "{C964C98C-ECDD-1B0A-D68A-5256B546118F}"
EndProject
Global
	GlobalSection(SolutionConfigurationPlatforms) = preSolution
		Debug|Any CPU = Debug|Any CPU
		Release|Any CPU = Release|Any CPU
	EndGlobalSection
	GlobalSection(ProjectConfigurationPlatforms) = postSolution
		{2BE01497-61DB-DF54-AFCC-6DFCD02CD45B}.Debug|Any CPU.ActiveCfg = Debug|Any CPU
		{2BE01497-61DB-DF54-AFCC-6DFCD02CD45B}.Debug|Any CPU.Build.0 = Debug|Any CPU
		{2BE01497-61DB-DF54-AFCC-6DFCD02CD45B}.Release|Any CPU.ActiveCfg = Release|Any CPU
		{2BE01497-61DB-DF54-AFCC-6DFCD02CD45B}.Release|Any CPU.Build.0 = Release|Any CPU
		{2C0E7627-E685-0F27-3D41-A2C6AE0FE503}.Debug|Any CPU.ActiveCfg = Debug|Any CPU
		{2C0E7627-E685-0F27-3D41-A2C6AE0FE503}.Debug|Any CPU.Build.0 = Debug|Any CPU
		{2C0E7627-E685-0F27-3D41-A2C6AE0FE503}.Release|Any CPU.ActiveCfg = Release|Any CPU
		{2C0E7627-E685-0F27-3D41-A2C6AE0FE503}.Release|Any CPU.Build.0 = Release|Any CPU
		{C964C98C-ECDD-1B0A-D68A-5256B546118F}.Debug|Any CPU.ActiveCfg = Debug|Any CPU
		{C964C98C-ECDD-1B0A-D68A-5256B546118F}.Debug|Any CPU.Build.0 = Debug|Any CPU
		{C964C98C-ECDD-1B0A-D68A-5256B546118F}.Release|Any CPU.ActiveCfg = Release|Any CPU
		{C964C98C-ECDD-1B0A-D68A-5256B546118F}.Release|Any CPU.Build.0 = Release|Any CPU
	EndGlobalSection
	GlobalSection(SolutionProperties) = preSolution
		HideSolutionNode = FALSE
	EndGlobalSection
EndGlobal
